
Microsoft Visual Studio Solution File, Format Version 12.00
# Visual Studio Version 16
VisualStudioVersion = 16.0.30804.86
MinimumVisualStudioVersion = 10.0.40219.1
Project("{FAE04EC0-301F-11D3-BF4B-00C04F79EFBC}") = "Testing Raxer Chroma SDK", "Testing Raxer Chroma SDK\Testing Raxer Chroma SDK.csproj", "{A883B9BA-EC02-43DD-BA69-4ECBDA6FFD09}"
EndProject
Global
	GlobalSection(SolutionConfigurationPlatforms) = preSolution
		Debug|Any CPU = Debug|Any CPU
		Release|Any CPU = Release|Any CPU
	EndGlobalSection
	GlobalSection(ProjectConfigurationPlatforms) = postSolution
		{A883B9BA-EC02-43DD-BA69-4ECBDA6FFD09}.Debug|Any CPU.ActiveCfg = Debug|Any CPU
		{A883B9BA-EC02-43DD-BA69-4ECBDA6FFD09}.Debug|Any CPU.Build.0 = Debug|Any CPU
		{A883B9BA-EC02-43DD-BA69-4ECBDA6FFD09}.Release|Any CPU.ActiveCfg = Release|Any CPU
		{A883B9BA-EC02-43DD-BA69-4ECBDA6FFD09}.Release|Any CPU.Build.0 = Release|Any CPU
	EndGlobalSection
	GlobalSection(SolutionProperties) = preSolution
		HideSolutionNode = FALSE
	EndGlobalSection
	GlobalSection(ExtensibilityGlobals) = postSolution
		SolutionGuid = {343CE8C5-9DBE-4764-98CF-20B2FBA3B632}
	EndGlobalSection
EndGlobal
